
Microsoft Visual Studio Solution File, Format Version 12.00
# Visual Studio 14
VisualStudioVersion = 14.0.25420.1
MinimumVisualStudioVersion = 10.0.40219.1
Project("{2150E333-8FDC-42A3-9474-1A3956D46DE8}") = "Settings", "Settings", "{2CE6899D-1766-41AF-BDC4-ED38900E4C57}"
	ProjectSection(SolutionItems) = preProject
		.editorconfig = .editorconfig
		README.md = README.md
	EndProjectSection
EndProject
Project("{FAE04EC0-301F-11D3-BF4B-00C04F79EFBC}") = "BetManager.Core", "BetManager.Core\BetManager.Core.csproj", "{C0C49CCD-EF76-4893-9AA6-E0429C4FDF84}"
EndProject
Project("{FAE04EC0-301F-11D3-BF4B-00C04F79EFBC}") = "BetManager.Web", "BetManager.Web\BetManager.Web.csproj", "{AB00C114-6B0C-4B70-8084-6B759776E783}"
EndProject
Project("{FAE04EC0-301F-11D3-BF4B-00C04F79EFBC}") = "BetManager.App", "BetManager.App\BetManager.App.csproj", "{42A43130-EFAC-4497-ABC5-7A2DBB3D2EF5}"
EndProject
Project("{FAE04EC0-301F-11D3-BF4B-00C04F79EFBC}") = "BetManager.Solver", "BetManager.Solver\BetManager.Solver.csproj", "{0B9762FF-0AAE-4627-820A-1C1583D3E7FA}"
EndProject
Project("{FAE04EC0-301F-11D3-BF4B-00C04F79EFBC}") = "BetManager.Tester", "BetManager.Tester\BetManager.Tester.csproj", "{D29D465F-EC95-42A5-9495-3BFA15B188F5}"
EndProject
Project("{FAE04EC0-301F-11D3-BF4B-00C04F79EFBC}") = "BetManager.ConsoleApp", "BetManager.ConsoleApp\BetManager.ConsoleApp.csproj", "{7114FAAA-96B7-4F84-8BFE-F5F3A7505B94}"
EndProject
Global
	GlobalSection(SolutionConfigurationPlatforms) = preSolution
		Debug|Any CPU = Debug|Any CPU
		Debug|x64 = Debug|x64
		Release|Any CPU = Release|Any CPU
		Release|x64 = Release|x64
	EndGlobalSection
	GlobalSection(ProjectConfigurationPlatforms) = postSolution
		{C0C49CCD-EF76-4893-9AA6-E0429C4FDF84}.Debug|Any CPU.ActiveCfg = Debug|Any CPU
		{C0C49CCD-EF76-4893-9AA6-E0429C4FDF84}.Debug|Any CPU.Build.0 = Debug|Any CPU
		{C0C49CCD-EF76-4893-9AA6-E0429C4FDF84}.Debug|x64.ActiveCfg = Debug|Any CPU
		{C0C49CCD-EF76-4893-9AA6-E0429C4FDF84}.Debug|x64.Build.0 = Debug|Any CPU
		{C0C49CCD-EF76-4893-9AA6-E0429C4FDF84}.Release|Any CPU.ActiveCfg = Release|Any CPU
		{C0C49CCD-EF76-4893-9AA6-E0429C4FDF84}.Release|Any CPU.Build.0 = Release|Any CPU
		{C0C49CCD-EF76-4893-9AA6-E0429C4FDF84}.Release|x64.ActiveCfg = Release|Any CPU
		{C0C49CCD-EF76-4893-9AA6-E0429C4FDF84}.Release|x64.Build.0 = Release|Any CPU
		{AB00C114-6B0C-4B70-8084-6B759776E783}.Debug|Any CPU.ActiveCfg = Debug|Any CPU
		{AB00C114-6B0C-4B70-8084-6B759776E783}.Debug|Any CPU.Build.0 = Debug|Any CPU
		{AB00C114-6B0C-4B70-8084-6B759776E783}.Debug|x64.ActiveCfg = Debug|Any CPU
		{AB00C114-6B0C-4B70-8084-6B759776E783}.Debug|x64.Build.0 = Debug|Any CPU
		{AB00C114-6B0C-4B70-8084-6B759776E783}.Release|Any CPU.ActiveCfg = Release|Any CPU
		{AB00C114-6B0C-4B70-8084-6B759776E783}.Release|Any CPU.Build.0 = Release|Any CPU
		{AB00C114-6B0C-4B70-8084-6B759776E783}.Release|x64.ActiveCfg = Release|Any CPU
		{AB00C114-6B0C-4B70-8084-6B759776E783}.Release|x64.Build.0 = Release|Any CPU
		{42A43130-EFAC-4497-ABC5-7A2DBB3D2EF5}.Debug|Any CPU.ActiveCfg = Debug|Any CPU
		{42A43130-EFAC-4497-ABC5-7A2DBB3D2EF5}.Debug|Any CPU.Build.0 = Debug|Any CPU
		{42A43130-EFAC-4497-ABC5-7A2DBB3D2EF5}.Debug|x64.ActiveCfg = Debug|Any CPU
		{42A43130-EFAC-4497-ABC5-7A2DBB3D2EF5}.Debug|x64.Build.0 = Debug|Any CPU
		{42A43130-EFAC-4497-ABC5-7A2DBB3D2EF5}.Release|Any CPU.ActiveCfg = Release|Any CPU
		{42A43130-EFAC-4497-ABC5-7A2DBB3D2EF5}.Release|Any CPU.Build.0 = Release|Any CPU
		{42A43130-EFAC-4497-ABC5-7A2DBB3D2EF5}.Release|x64.ActiveCfg = Release|Any CPU
		{42A43130-EFAC-4497-ABC5-7A2DBB3D2EF5}.Release|x64.Build.0 = Release|Any CPU
		{0B9762FF-0AAE-4627-820A-1C1583D3E7FA}.Debug|Any CPU.ActiveCfg = Debug|Any CPU
		{0B9762FF-0AAE-4627-820A-1C1583D3E7FA}.Debug|Any CPU.Build.0 = Debug|Any CPU
		{0B9762FF-0AAE-4627-820A-1C1583D3E7FA}.Debug|x64.ActiveCfg = Debug|Any CPU
		{0B9762FF-0AAE-4627-820A-1C1583D3E7FA}.Debug|x64.Build.0 = Debug|Any CPU
		{0B9762FF-0AAE-4627-820A-1C1583D3E7FA}.Release|Any CPU.ActiveCfg = Release|Any CPU
		{0B9762FF-0AAE-4627-820A-1C1583D3E7FA}.Release|Any CPU.Build.0 = Release|Any CPU
		{0B9762FF-0AAE-4627-820A-1C1583D3E7FA}.Release|x64.ActiveCfg = Release|Any CPU
		{0B9762FF-0AAE-4627-820A-1C1583D3E7FA}.Release|x64.Build.0 = Release|Any CPU
		{D29D465F-EC95-42A5-9495-3BFA15B188F5}.Debug|Any CPU.ActiveCfg = Debug|Any CPU
		{D29D465F-EC95-42A5-9495-3BFA15B188F5}.Debug|Any CPU.Build.0 = Debug|Any CPU
		{D29D465F-EC95-42A5-9495-3BFA15B188F5}.Debug|x64.ActiveCfg = Debug|Any CPU
		{D29D465F-EC95-42A5-9495-3BFA15B188F5}.Debug|x64.Build.0 = Debug|Any CPU
		{D29D465F-EC95-42A5-9495-3BFA15B188F5}.Release|Any CPU.ActiveCfg = Release|Any CPU
		{D29D465F-EC95-42A5-9495-3BFA15B188F5}.Release|Any CPU.Build.0 = Release|Any CPU
		{D29D465F-EC95-42A5-9495-3BFA15B188F5}.Release|x64.ActiveCfg = Release|Any CPU
		{D29D465F-EC95-42A5-9495-3BFA15B188F5}.Release|x64.Build.0 = Release|Any CPU
		{7114FAAA-96B7-4F84-8BFE-F5F3A7505B94}.Debug|Any CPU.ActiveCfg = Debug|Any CPU
		{7114FAAA-96B7-4F84-8BFE-F5F3A7505B94}.Debug|Any CPU.Build.0 = Debug|Any CPU
		{7114FAAA-96B7-4F84-8BFE-F5F3A7505B94}.Debug|x64.ActiveCfg = Debug|Any CPU
		{7114FAAA-96B7-4F84-8BFE-F5F3A7505B94}.Debug|x64.Build.0 = Debug|Any CPU
		{7114FAAA-96B7-4F84-8BFE-F5F3A7505B94}.Release|Any CPU.ActiveCfg = Release|Any CPU
		{7114FAAA-96B7-4F84-8BFE-F5F3A7505B94}.Release|Any CPU.Build.0 = Release|Any CPU
		{7114FAAA-96B7-4F84-8BFE-F5F3A7505B94}.Release|x64.ActiveCfg = Release|Any CPU
		{7114FAAA-96B7-4F84-8BFE-F5F3A7505B94}.Release|x64.Build.0 = Release|Any CPU
	EndGlobalSection
	GlobalSection(SolutionProperties) = preSolution
		HideSolutionNode = FALSE
	EndGlobalSection
EndGlobal
